<?xml version="1.0" encoding="utf-8"?>
<Project ToolsVersion="4.0" xmlns="http://schemas.microsoft.com/developer/msbuild/2003">
  <ItemGroup>
    <Filter Include="Source Files">
      <UniqueIdentifier>{4FC737F1-C7A5-4376-A066-2A32D752A2FF}</UniqueIdentifier>
      <Extensions>cpp;c;cc;cxx;def;odl;idl;hpj;bat;asm;asmx</Extensions>
    </Filter>
    <Filter Include="Header Files">
      <UniqueIdentifier>{93995380-89BD-4b04-88EB-625FBE52EBFB}</UniqueIdentifier>
      <Extensions>h;hh;hpp;hxx;hm;inl;inc;xsd</Extensions>
    </Filter>
    <Filter Include="Resource Files">
      <UniqueIdentifier>{67DA6AB6-F800-4c08-8B7A-83BB121AAD01}</UniqueIdentifier>
      <Extensions>rc;ico;cur;bmp;dlg;rc2;rct;bin;rgs;gif;jpg;jpeg;jpe;resx;tiff;tif;png;wav;mfcribbon-ms</Extensions>
    </Filter>
    <Filter Include="SolarEngine">
      <UniqueIdentifier>{7e94fff8-f364-4c89-9261-1196015e46ad}</UniqueIdentifier>
    </Filter>
    <Filter Include="Examples">
      <UniqueIdentifier>{2c246e8b-1546-46f5-883d-9aa86dc0a338}</UniqueIdentifier>
    </Filter>
  </ItemGroup>
  <ItemGroup>
    <ClCompile Include="main.cpp">
      <Filter>Source Files</Filter>
    </ClCompile>
    <ClCompile Include="..\SolarEngine\Cubemap.cpp">
      <Filter>SolarEngine</Filter>
    </ClCompile>
    <ClCompile Include="..\SolarEngine\CustomControls.cpp">
      <Filter>SolarEngine</Filter>
    </ClCompile>
    <ClCompile Include="..\SolarEngine\PointsRenderer.cpp">
      <Filter>SolarEngine</Filter>
    </ClCompile>
    <ClCompile Include="..\SolarEngine\RenderSurface.cpp">
      <Filter>SolarEngine</Filter>
    </ClCompile>
    <ClCompile Include="..\SolarEngine\SolarInteractiveHandler.cpp">
      <Filter>SolarEngine</Filter>
    </ClCompile>
    <ClCompile Include="..\SolarEngine\TypeDef.cpp">
      <Filter>SolarEngine</Filter>
    </ClCompile>
    <ClCompile Include="..\SolarEngine\Utils.cpp">
      <Filter>SolarEngine</Filter>
    </ClCompile>
    <ClCompile Include="..\SolarEngine\ModelLoader.cpp">
      <Filter>SolarEngine</Filter>
    </ClCompile>
  </ItemGroup>
  <ItemGroup>
    <ClInclude Include="..\SolarEngine\CustomControls.h">
      <Filter>SolarEngine</Filter>
    </ClInclude>
    <ClInclude Include="..\SolarEngine\PointsRenderer.h">
      <Filter>SolarEngine</Filter>
    </ClInclude>
    <ClInclude Include="..\SolarEngine\RenderSurface.h">
      <Filter>SolarEngine</Filter>
    </ClInclude>
    <ClInclude Include="..\SolarEngine\SolarInteractiveHandler.h">
      <Filter>SolarEngine</Filter>
    </ClInclude>
    <ClInclude Include="..\SolarEngine\TypeDef.h">
      <Filter>SolarEngine</Filter>
    </ClInclude>
    <ClInclude Include="..\SolarEngine\Utils.h">
      <Filter>SolarEngine</Filter>
    </ClInclude>
    <ClInclude Include="..\SolarEngine\Cubemap.h">
      <Filter>SolarEngine</Filter>
    </ClInclude>
    <ClInclude Include="..\SolarEngine\ModelLoader.h">
      <Filter>SolarEngine</Filter>
    </ClInclude>
  </ItemGroup>
  <ItemGroup>
    <None Include="..\bin\tests\solar3d_global.earth">
      <Filter>Examples</Filter>
    </None>
    <None Include="..\bin\tests\solar3d_projected.earth">
      <Filter>Examples</Filter>
    </None>
    <None Include="..\bin\tests\boston.earth">
      <Filter>Examples</Filter>
    </None>
    <None Include="..\bin\tests\boston_projected.earth">
      <Filter>Examples</Filter>
    </None>
  </ItemGroup>
</Project>